
Microsoft Visual Studio Solution File, Format Version 12.00
Project("{FAE04EC0-301F-11D3-BF4B-00C04F79EFBC}") = "Model", "Model\Model.csproj", "{D624806C-B598-4C03-B01C-5B25770EFD24}"
EndProject
Project("{FAE04EC0-301F-11D3-BF4B-00C04F79EFBC}") = "ModelTest", "ModelTest\ModelTest.csproj", "{A7FAD2E1-4CEF-4456-9DDD-2A45AF82B318}"
EndProject
Project("{FAE04EC0-301F-11D3-BF4B-00C04F79EFBC}") = "View", "View\View.csproj", "{5D578C1F-76E6-4162-8D78-FC9CDFD46BA0}"
EndProject
Project("{FAE04EC0-301F-11D3-BF4B-00C04F79EFBC}") = "Controller", "Controller\Controller.csproj", "{C5FE9D87-7717-4E39-9F50-41B6A270FA6E}"
EndProject
Global
	GlobalSection(SolutionConfigurationPlatforms) = preSolution
		Debug|ARM = Debug|ARM
		Debug|x64 = Debug|x64
		Debug|x86 = Debug|x86
		Release|ARM = Release|ARM
		Release|x64 = Release|x64
		Release|x86 = Release|x86
	EndGlobalSection
	GlobalSection(ProjectConfigurationPlatforms) = postSolution
		{D624806C-B598-4C03-B01C-5B25770EFD24}.Debug|ARM.ActiveCfg = Debug|Any CPU
		{D624806C-B598-4C03-B01C-5B25770EFD24}.Debug|ARM.Build.0 = Debug|Any CPU
		{D624806C-B598-4C03-B01C-5B25770EFD24}.Debug|x64.ActiveCfg = Debug|Any CPU
		{D624806C-B598-4C03-B01C-5B25770EFD24}.Debug|x64.Build.0 = Debug|Any CPU
		{D624806C-B598-4C03-B01C-5B25770EFD24}.Debug|x86.ActiveCfg = Debug|Any CPU
		{D624806C-B598-4C03-B01C-5B25770EFD24}.Debug|x86.Build.0 = Debug|Any CPU
		{D624806C-B598-4C03-B01C-5B25770EFD24}.Release|ARM.ActiveCfg = Release|Any CPU
		{D624806C-B598-4C03-B01C-5B25770EFD24}.Release|ARM.Build.0 = Release|Any CPU
		{D624806C-B598-4C03-B01C-5B25770EFD24}.Release|x64.ActiveCfg = Release|Any CPU
		{D624806C-B598-4C03-B01C-5B25770EFD24}.Release|x64.Build.0 = Release|Any CPU
		{D624806C-B598-4C03-B01C-5B25770EFD24}.Release|x86.ActiveCfg = Release|Any CPU
		{D624806C-B598-4C03-B01C-5B25770EFD24}.Release|x86.Build.0 = Release|Any CPU
		{A7FAD2E1-4CEF-4456-9DDD-2A45AF82B318}.Debug|ARM.ActiveCfg = Debug|Any CPU
		{A7FAD2E1-4CEF-4456-9DDD-2A45AF82B318}.Debug|ARM.Build.0 = Debug|Any CPU
		{A7FAD2E1-4CEF-4456-9DDD-2A45AF82B318}.Debug|x64.ActiveCfg = Debug|Any CPU
		{A7FAD2E1-4CEF-4456-9DDD-2A45AF82B318}.Debug|x64.Build.0 = Debug|Any CPU
		{A7FAD2E1-4CEF-4456-9DDD-2A45AF82B318}.Debug|x86.ActiveCfg = Debug|Any CPU
		{A7FAD2E1-4CEF-4456-9DDD-2A45AF82B318}.Debug|x86.Build.0 = Debug|Any CPU
		{A7FAD2E1-4CEF-4456-9DDD-2A45AF82B318}.Release|ARM.ActiveCfg = Release|Any CPU
		{A7FAD2E1-4CEF-4456-9DDD-2A45AF82B318}.Release|ARM.Build.0 = Release|Any CPU
		{A7FAD2E1-4CEF-4456-9DDD-2A45AF82B318}.Release|x64.ActiveCfg = Release|Any CPU
		{A7FAD2E1-4CEF-4456-9DDD-2A45AF82B318}.Release|x64.Build.0 = Release|Any CPU
		{A7FAD2E1-4CEF-4456-9DDD-2A45AF82B318}.Release|x86.ActiveCfg = Release|Any CPU
		{A7FAD2E1-4CEF-4456-9DDD-2A45AF82B318}.Release|x86.Build.0 = Release|Any CPU
		{5D578C1F-76E6-4162-8D78-FC9CDFD46BA0}.Debug|ARM.ActiveCfg = Debug|Any CPU
		{5D578C1F-76E6-4162-8D78-FC9CDFD46BA0}.Debug|ARM.Build.0 = Debug|Any CPU
		{5D578C1F-76E6-4162-8D78-FC9CDFD46BA0}.Debug|x64.ActiveCfg = Debug|Any CPU
		{5D578C1F-76E6-4162-8D78-FC9CDFD46BA0}.Debug|x64.Build.0 = Debug|Any CPU
		{5D578C1F-76E6-4162-8D78-FC9CDFD46BA0}.Debug|x86.ActiveCfg = Debug|Any CPU
		{5D578C1F-76E6-4162-8D78-FC9CDFD46BA0}.Debug|x86.Build.0 = Debug|Any CPU
		{5D578C1F-76E6-4162-8D78-FC9CDFD46BA0}.Release|ARM.ActiveCfg = Release|Any CPU
		{5D578C1F-76E6-4162-8D78-FC9CDFD46BA0}.Release|ARM.Build.0 = Release|Any CPU
		{5D578C1F-76E6-4162-8D78-FC9CDFD46BA0}.Release|x64.ActiveCfg = Release|Any CPU
		{5D578C1F-76E6-4162-8D78-FC9CDFD46BA0}.Release|x64.Build.0 = Release|Any CPU
		{5D578C1F-76E6-4162-8D78-FC9CDFD46BA0}.Release|x86.ActiveCfg = Release|Any CPU
		{5D578C1F-76E6-4162-8D78-FC9CDFD46BA0}.Release|x86.Build.0 = Release|Any CPU
		{C5FE9D87-7717-4E39-9F50-41B6A270FA6E}.Debug|ARM.ActiveCfg = Debug|Any CPU
		{C5FE9D87-7717-4E39-9F50-41B6A270FA6E}.Debug|ARM.Build.0 = Debug|Any CPU
		{C5FE9D87-7717-4E39-9F50-41B6A270FA6E}.Debug|x64.ActiveCfg = Debug|Any CPU
		{C5FE9D87-7717-4E39-9F50-41B6A270FA6E}.Debug|x64.Build.0 = Debug|Any CPU
		{C5FE9D87-7717-4E39-9F50-41B6A270FA6E}.Debug|x86.ActiveCfg = Debug|Any CPU
		{C5FE9D87-7717-4E39-9F50-41B6A270FA6E}.Debug|x86.Build.0 = Debug|Any CPU
		{C5FE9D87-7717-4E39-9F50-41B6A270FA6E}.Release|ARM.ActiveCfg = Release|Any CPU
		{C5FE9D87-7717-4E39-9F50-41B6A270FA6E}.Release|ARM.Build.0 = Release|Any CPU
		{C5FE9D87-7717-4E39-9F50-41B6A270FA6E}.Release|x64.ActiveCfg = Release|Any CPU
		{C5FE9D87-7717-4E39-9F50-41B6A270FA6E}.Release|x64.Build.0 = Release|Any CPU
		{C5FE9D87-7717-4E39-9F50-41B6A270FA6E}.Release|x86.ActiveCfg = Release|Any CPU
		{C5FE9D87-7717-4E39-9F50-41B6A270FA6E}.Release|x86.Build.0 = Release|Any CPU
	EndGlobalSection
EndGlobal
